Microsoft Visual Studio Solution File, Format Version 12.00
# Visual Studio Version 17
VisualStudioVersion = 17.13.35931.197
MinimumVisualStudioVersion = 10.0.40219.1
Project("{FAE04EC0-301F-11D3-BF4B-00C04F79EFBC}") = "Data", "Data\Data.csproj", "{9282C73C-9B22-43C2-988B-CCCD26F53B29}"
EndProject
Project("{FAE04EC0-301F-11D3-BF4B-00C04F79EFBC}") = "Console", "Console\Console.csproj", "{0B4563E5-7234-472D-A696-F9C8813BF80B}"
EndProject
Global
	GlobalSection(SolutionConfigurationPlatforms) = preSolution
		Debug|Any CPU = Debug|Any CPU
		Release|Any CPU = Release|Any CPU
	EndGlobalSection
	GlobalSection(ProjectConfigurationPlatforms) = postSolution
		{9282C73C-9B22-43C2-988B-CCCD26F53B29}.Debug|Any CPU.ActiveCfg = Debug|Any CPU
		{9282C73C-9B22-43C2-988B-CCCD26F53B29}.Debug|Any CPU.Build.0 = Debug|Any CPU
		{9282C73C-9B22-43C2-988B-CCCD26F53B29}.Release|Any CPU.ActiveCfg = Release|Any CPU
		{9282C73C-9B22-43C2-988B-CCCD26F53B29}.Release|Any CPU.Build.0 = Release|Any CPU
		{0B4563E5-7234-472D-A696-F9C8813BF80B}.Debug|Any CPU.ActiveCfg = Debug|Any CPU
		{0B4563E5-7234-472D-A696-F9C8813BF80B}.Debug|Any CPU.Build.0 = Debug|Any CPU
		{0B4563E5-7234-472D-A696-F9C8813BF80B}.Release|Any CPU.ActiveCfg = Release|Any CPU
		{0B4563E5-7234-472D-A696-F9C8813BF80B}.Release|Any CPU.Build.0 = Release|Any CPU
	EndGlobalSection
	GlobalSection(SolutionProperties) = preSolution
		HideSolutionNode = FALSE
	EndGlobalSection
	GlobalSection(ExtensibilityGlobals) = postSolution
		SolutionGuid = {5439B621-231A-45AE-AEAD-7873D3CA049A}
	EndGlobalSection
EndGlobal
